// !$*UTF8*$!
{
	archiveVersion = 1;
	classes = {
	};
	objectVersion = 50;
	objects = {

/* Begin PBXBuildFile section */
		2A238AD625CA8036001E3D6C /* AppDelegate.m in Sources */ = {isa = PBXBuildFile; fileRef = 2A238AD525CA8036001E3D6C /* AppDelegate.m */; };
		2A238AD925CA8036001E3D6C /* SceneDelegate.m in Sources */ = {isa = PBXBuildFile; fileRef = 2A238AD825CA8036001E3D6C /* SceneDelegate.m */; };
		2A238ADC25CA8036001E3D6C /* ViewController.m in Sources */ = {isa = PBXBuildFile; fileRef = 2A238ADB25CA8036001E3D6C /* ViewController.m */; };
		2A238ADF25CA8036001E3D6C /* Main.storyboard in Resources */ = {isa = PBXBuildFile; fileRef = 2A238ADD25CA8036001E3D6C /* Main.storyboard */; };
		2A238AE125CA803A001E3D6C /* Assets.xcassets in Resources */ = {isa = PBXBuildFile; fileRef = 2A238AE025CA803A001E3D6C /* Assets.xcassets */; };
		2A238AE425CA803A001E3D6C /* LaunchScreen.storyboard in Resources */ = {isa = PBXBuildFile; fileRef = 2A238AE225CA803A001E3D6C /* LaunchScreen.storyboard */; };
		2A238AE725CA803A001E3D6C /* main.m in Sources */ = {isa = PBXBuildFile; fileRef = 2A238AE625CA803A001E3D6C /* main.m */; };
		2A238AF125CA803A001E3D6C /* TestiOSTests.m in Sources */ = {isa = PBXBuildFile; fileRef = 2A238AF025CA803A001E3D6C /* TestiOSTests.m */; };
		2A238AFC25CA803A001E3D6C /* TestiOSUITests.m in Sources */ = {isa = PBXBuildFile; fileRef = 2A238AFB25CA803A001E3D6C /* TestiOSUITests.m */; };
/* End PBXBuildFile section */

/* Begin PBXContainerItemProxy section */
		2A238AED25CA803A001E3D6C /* PBXContainerItemProxy */ = {
			isa = PBXContainerItemProxy;
			containerPortal = 2A238AC925CA8036001E3D6C /* Project object */;
			proxyType = 1;
			remoteGlobalIDString = 2A238AD025CA8036001E3D6C;
			remoteInfo = TestiOS;
		};
		2A238AF825CA803A001E3D6C /* PBXContainerItemProxy */ = {
			isa = PBXContainerItemProxy;
			containerPortal = 2A238AC925CA8036001E3D6C /* Project object */;
			proxyType = 1;
			remoteGlobalIDString = 2A238AD025CA8036001E3D6C;
			remoteInfo = TestiOS;
		};
/* End PBXContainerItemProxy section */

/* Begin PBXFileReference section */
		2A238AD125CA8036001E3D6C /* TestiOS.app */ = {isa = PBXFileReference; explicitFileType = wrapper.application; includeInIndex = 0; path = TestiOS.app; sourceTree = BUILT_PRODUCTS_DIR; };
		2A238AD425CA8036001E3D6C /* AppDelegate.h */ = {isa = PBXFileReference; lastKnownFileType = sourcecode.c.h; path = AppDelegate.h; sourceTree = "<group>"; };
		2A238AD525CA8036001E3D6C /* AppDelegate.m */ = {isa = PBXFileReference; lastKnownFileType = sourcecode.c.objc; path = AppDelegate.m; sourceTree = "<group>"; };
		2A238AD725CA8036001E3D6C /* SceneDelegate.h */ = {isa = PBXFileReference; lastKnownFileType = sourcecode.c.h; path = SceneDelegate.h; sourceTree = "<group>"; };
		2A238AD825CA8036001E3D6C /* SceneDelegate.m */ = {isa = PBXFileReference; lastKnownFileType = sourcecode.c.objc; path = SceneDelegate.m; sourceTree = "<group>"; };
		2A238ADA25CA8036001E3D6C /* ViewController.h */ = {isa = PBXFileReference; lastKnownFileType = sourcecode.c.h; path = ViewController.h; sourceTree = "<group>"; };
		2A238ADB25CA8036001E3D6C /* ViewController.m */ = {isa = PBXFileReference; lastKnownFileType = sourcecode.c.objc; path = ViewController.m; sourceTree = "<group>"; };
		2A238ADE25CA8036001E3D6C /* Base */ = {isa = PBXFileReference; lastKnownFileType = file.storyboard; name = Base; path = Base.lproj/Main.storyboard; sourceTree = "<group>"; };
		2A238AE025CA803A001E3D6C /* Assets.xcassets */ = {isa = PBXFileReference; lastKnownFileType = folder.assetcatalog; path = Assets.xcassets; sourceTree = "<group>"; };
		2A238AE325CA803A001E3D6C /* Base */ = {isa = PBXFileReference; lastKnownFileType = file.storyboard; name = Base; path = Base.lproj/LaunchScreen.storyboard; sourceTree = "<group>"; };
		2A238AE525CA803A001E3D6C /* Info.plist */ = {isa = PBXFileReference; lastKnownFileType = text.plist.xml; path = Info.plist; sourceTree = "<group>"; };
		2A238AE625CA803A001E3D6C /* main.m */ = {isa = PBXFileReference; lastKnownFileType = sourcecode.c.objc; path = main.m; sourceTree = "<group>"; };
		2A238AEC25CA803A001E3D6C /* TestiOSTests.xctest */ = {isa = PBXFileReference; explicitFileType = wrapper.cfbundle; includeInIndex = 0; path = TestiOSTests.xctest; sourceTree = BUILT_PRODUCTS_DIR; };
		2A238AF025CA803A001E3D6C /* TestiOSTests.m */ = {isa = PBXFileReference; lastKnownFileType = sourcecode.c.objc; path = TestiOSTests.m; sourceTree = "<group>"; };
		2A238AF225CA803A001E3D6C /* Info.plist */ = {isa = PBXFileReference; lastKnownFileType = text.plist.xml; path = Info.plist; sourceTree = "<group>"; };
		2A238AF725CA803A001E3D6C /* TestiOSUITests.xctest */ = {isa = PBXFileReference; explicitFileType = wrapper.cfbundle; includeInIndex = 0; path = TestiOSUITests.xctest; sourceTree = BUILT_PRODUCTS_DIR; };
		2A238AFB25CA803A001E3D6C /* TestiOSUITests.m */ = {isa = PBXFileReference; lastKnownFileType = sourcecode.c.objc; path = TestiOSUITests.m; sourceTree = "<group>"; };
		2A238AFD25CA803A001E3D6C /* Info.plist */ = {isa = PBXFileReference; lastKnownFileType = text.plist.xml; path = Info.plist; sourceTree = "<group>"; };
/* End PBXFileReference section */

/* Begin PBXFrameworksBuildPhase section */
		2A238ACE25CA8036001E3D6C /* Frameworks */ = {
			isa = PBXFrameworksBuildPhase;
			buildActionMask = 2147483647;
			files = (
			);
			runOnlyForDeploymentPostprocessing = 0;
		};
		2A238AE925CA803A001E3D6C /* Frameworks */ = {
			isa = PBXFrameworksBuildPhase;
			buildActionMask = 2147483647;
			files = (
			);
			runOnlyForDeploymentPostprocessing = 0;
		};
		2A238AF425CA803A001E3D6C /* Frameworks */ = {
			isa = PBXFrameworksBuildPhase;
			buildActionMask = 2147483647;
			files = (
			);
			runOnlyForDeploymentPostprocessing = 0;
		};
/* End PBXFrameworksBuildPhase section */

/* Begin PBXGroup section */
		2A238AC825CA8036001E3D6C = {
			isa = PBXGroup;
			children = (
				2A238AD325CA8036001E3D6C /* TestiOS */,
				2A238AEF25CA803A001E3D6C /* TestiOSTests */,
				2A238AFA25CA803A001E3D6C /* TestiOSUITests */,
				2A238AD225CA8036001E3D6C /* Products */,
			);
			sourceTree = "<group>";
		};
		2A238AD225CA8036001E3D6C /* Products */ = {
			isa = PBXGroup;
			children = (
				2A238AD125CA8036001E3D6C /* TestiOS.app */,
				2A238AEC25CA803A001E3D6C /* TestiOSTests.xctest */,
				2A238AF725CA803A001E3D6C /* TestiOSUITests.xctest */,
			);
			name = Products;
			sourceTree = "<group>";
		};
		2A238AD325CA8036001E3D6C /* TestiOS */ = {
			isa = PBXGroup;
			children = (
				2A238AD425CA8036001E3D6C /* AppDelegate.h */,
				2A238AD525CA8036001E3D6C /* AppDelegate.m */,
				2A238AD725CA8036001E3D6C /* SceneDelegate.h */,
				2A238AD825CA8036001E3D6C /* SceneDelegate.m */,
				2A238ADA25CA8036001E3D6C /* ViewController.h */,
				2A238ADB25CA8036001E3D6C /* ViewController.m */,
				2A238ADD25CA8036001E3D6C /* Main.storyboard */,
				2A238AE025CA803A001E3D6C /* Assets.xcassets */,
				2A238AE225CA803A001E3D6C /* LaunchScreen.storyboard */,
				2A238AE525CA803A001E3D6C /* Info.plist */,
				2A238AE625CA803A001E3D6C /* main.m */,
			);
			path = TestiOS;
			sourceTree = "<group>";
		};
		2A238AEF25CA803A001E3D6C /* TestiOSTests */ = {
			isa = PBXGroup;
			children = (
				2A238AF025CA803A001E3D6C /* TestiOSTests.m */,
				2A238AF225CA803A001E3D6C /* Info.plist */,
			);
			path = TestiOSTests;
			sourceTree = "<group>";
		};
		2A238AFA25CA803A001E3D6C /* TestiOSUITests */ = {
			isa = PBXGroup;
			children = (
				2A238AFB25CA803A001E3D6C /* TestiOSUITests.m */,
				2A238AFD25CA803A001E3D6C /* Info.plist */,
			);
			path = TestiOSUITests;
			sourceTree = "<group>";
		};
/* End PBXGroup section */

/* Begin PBXNativeTarget section */
		2A238AD025CA8036001E3D6C /* TestiOS */ = {
			isa = PBXNativeTarget;
			buildConfigurationList = 2A238B0025CA803A001E3D6C /* Build configuration list for PBXNativeTarget "TestiOS" */;
			buildPhases = (
				2A238ACD25CA8036001E3D6C /* Sources */,
				2A238ACE25CA8036001E3D6C /* Frameworks */,
				2A238ACF25CA8036001E3D6C /* Resources */,
			);
			buildRules = (
			);
			dependencies = (
			);
			name = TestiOS;
			productName = TestiOS;
			productReference = 2A238AD125CA8036001E3D6C /* TestiOS.app */;
			productType = "com.apple.product-type.application";
		};
		2A238AEB25CA803A001E3D6C /* TestiOSTests */ = {
			isa = PBXNativeTarget;
			buildConfigurationList = 2A238B0325CA803A001E3D6C /* Build configuration list for PBXNativeTarget "TestiOSTests" */;
			buildPhases = (
				2A238AE825CA803A001E3D6C /* Sources */,
				2A238AE925CA803A001E3D6C /* Frameworks */,
				2A238AEA25CA803A001E3D6C /* Resources */,
			);
			buildRules = (
			);
			dependencies = (
				2A238AEE25CA803A001E3D6C /* PBXTargetDependency */,
			);
			name = TestiOSTests;
			productName = TestiOSTests;
			productReference = 2A238AEC25CA803A001E3D6C /* TestiOSTests.xctest */;
			productType = "com.apple.product-type.bundle.unit-test";
		};
		2A238AF625CA803A001E3D6C /* TestiOSUITests */ = {
			isa = PBXNativeTarget;
			buildConfigurationList = 2A238B0625CA803A001E3D6C /* Build configuration list for PBXNativeTarget "TestiOSUITests" */;
			buildPhases = (
				2A238AF325CA803A001E3D6C /* Sources */,
				2A238AF425CA803A001E3D6C /* Frameworks */,
				2A238AF525CA803A001E3D6C /* Resources */,
			);
			buildRules = (
			);
			dependencies = (
				2A238AF925CA803A001E3D6C /* PBXTargetDependency */,
			);
			name = TestiOSUITests;
			productName = TestiOSUITests;
			productReference = 2A238AF725CA803A001E3D6C /* TestiOSUITests.xctest */;
			productType = "com.apple.product-type.bundle.ui-testing";
		};
/* End PBXNativeTarget section */

/* Begin PBXProject section */
		2A238AC925CA8036001E3D6C /* Project object */ = {
			isa = PBXProject;
			attributes = {
				LastUpgradeCheck = 1150;
				ORGANIZATIONNAME = "Ayush Khare";
				TargetAttributes = {
					2A238AD025CA8036001E3D6C = {
						CreatedOnToolsVersion = 11.5;
					};
					2A238AEB25CA803A001E3D6C = {
						CreatedOnToolsVersion = 11.5;
						TestTargetID = 2A238AD025CA8036001E3D6C;
					};
					2A238AF625CA803A001E3D6C = {
						CreatedOnToolsVersion = 11.5;
						TestTargetID = 2A238AD025CA8036001E3D6C;
					};
				};
			};
			buildConfigurationList = 2A238ACC25CA8036001E3D6C /* Build configuration list for PBXProject "TestiOS" */;
			compatibilityVersion = "Xcode 9.3";
			developmentRegion = en;
			hasScannedForEncodings = 0;
			knownRegions = (
				en,
				Base,
			);
			mainGroup = 2A238AC825CA8036001E3D6C;
			productRefGroup = 2A238AD225CA8036001E3D6C /* Products */;
			projectDirPath = "";
			projectRoot = "";
			targets = (
				2A238AD025CA8036001E3D6C /* TestiOS */,
				2A238AEB25CA803A001E3D6C /* TestiOSTests */,
				2A238AF625CA803A001E3D6C /* TestiOSUITests */,
			);
		};
/* End PBXProject section */

/* Begin PBXResourcesBuildPhase section */
		2A238ACF25CA8036001E3D6C /* Resources */ = {
			isa = PBXResourcesBuildPhase;
			buildActionMask = 2147483647;
			files = (
				2A238AE425CA803A001E3D6C /* LaunchScreen.storyboard in Resources */,
				2A238AE125CA803A001E3D6C /* Assets.xcassets in Resources */,
				2A238ADF25CA8036001E3D6C /* Main.storyboard in Resources */,
			);
			runOnlyForDeploymentPostprocessing = 0;
		};
		2A238AEA25CA803A001E3D6C /* Resources */ = {
			isa = PBXResourcesBuildPhase;
			buildActionMask = 2147483647;
			files = (
			);
			runOnlyForDeploymentPostprocessing = 0;
		};
		2A238AF525CA803A001E3D6C /* Resources */ = {
			isa = PBXResourcesBuildPhase;
			buildActionMask = 2147483647;
			files = (
			);
			runOnlyForDeploymentPostprocessing = 0;
		};
/* End PBXResourcesBuildPhase section */

/* Begin PBXSourcesBuildPhase section */
		2A238ACD25CA8036001E3D6C /* Sources */ = {
			isa = PBXSourcesBuildPhase;
			buildActionMask = 2147483647;
			files = (
				2A238ADC25CA8036001E3D6C /* ViewController.m in Sources */,
				2A238AD625CA8036001E3D6C /* AppDelegate.m in Sources */,
				2A238AE725CA803A001E3D6C /* main.m in Sources */,
				2A238AD925CA8036001E3D6C /* SceneDelegate.m in Sources */,
			);
			runOnlyForDeploymentPostprocessing = 0;
		};
		2A238AE825CA803A001E3D6C /* Sources */ = {
			isa = PBXSourcesBuildPhase;
			buildActionMask = 2147483647;
			files = (
				2A238AF125CA803A001E3D6C /* TestiOSTests.m in Sources */,
			);
			runOnlyForDeploymentPostprocessing = 0;
		};
		2A238AF325CA803A001E3D6C /* Sources */ = {
			isa = PBXSourcesBuildPhase;
			buildActionMask = 2147483647;
			files = (
				2A238AFC25CA803A001E3D6C /* TestiOSUITests.m in Sources */,
			);
			runOnlyForDeploymentPostprocessing = 0;
		};
/* End PBXSourcesBuildPhase section */

/* Begin PBXTargetDependency section */
		2A238AEE25CA803A001E3D6C /* PBXTargetDependency */ = {
			isa = PBXTargetDependency;
			target = 2A238AD025CA8036001E3D6C /* TestiOS */;
			targetProxy = 2A238AED25CA803A001E3D6C /* PBXContainerItemProxy */;
		};
		2A238AF925CA803A001E3D6C /* PBXTargetDependency */ = {
			isa = PBXTargetDependency;
			target = 2A238AD025CA8036001E3D6C /* TestiOS */;
			targetProxy = 2A238AF825CA803A001E3D6C /* PBXContainerItemProxy */;
		};
/* End PBXTargetDependency section */

/* Begin PBXVariantGroup section */
		2A238ADD25CA8036001E3D6C /* Main.storyboard */ = {
			isa = PBXVariantGroup;
			children = (
				2A238ADE25CA8036001E3D6C /* Base */,
			);
			name = Main.storyboard;
			sourceTree = "<group>";
		};
		2A238AE225CA803A001E3D6C /* LaunchScreen.storyboard */ = {
			isa = PBXVariantGroup;
			children = (
				2A238AE325CA803A001E3D6C /* Base */,
			);
			name = LaunchScreen.storyboard;
			sourceTree = "<group>";
		};
/* End PBXVariantGroup section */

/* Begin XCBuildConfiguration section */
		2A238AFE25CA803A001E3D6C /* Debug */ = {
			isa = XCBuildConfiguration;
			buildSettings = {
				ALWAYS_SEARCH_USER_PATHS = NO;
				CLANG_ANALYZER_NONNULL = YES;
				CLANG_ANALYZER_NUMBER_OBJECT_CONVERSION = YES_AGGRESSIVE;
				CLANG_CXX_LANGUAGE_STANDARD = "gnu++14";
				CLANG_CXX_LIBRARY = "libc++";
				CLANG_ENABLE_MODULES = YES;
				CLANG_ENABLE_OBJC_ARC = YES;
				CLANG_ENABLE_OBJC_WEAK = YES;
				CLANG_WARN_BLOCK_CAPTURE_AUTORELEASING = YES;
				CLANG_WARN_BOOL_CONVERSION = YES;
				CLANG_WARN_COMMA = YES;
				CLANG_WARN_CONSTANT_CONVERSION = YES;
				CLANG_WARN_DEPRECATED_OBJC_IMPLEMENTATIONS = YES;
				CLANG_WARN_DIRECT_OBJC_ISA_USAGE = YES_ERROR;
				CLANG_WARN_DOCUMENTATION_COMMENTS = YES;
				CLANG_WARN_EMPTY_BODY = YES;
				CLANG_WARN_ENUM_CONVERSION = YES;
				CLANG_WARN_INFINITE_RECURSION = YES;
				CLANG_WARN_INT_CONVERSION = YES;
				CLANG_WARN_NON_LITERAL_NULL_CONVERSION = YES;
				CLANG_WARN_OBJC_IMPLICIT_RETAIN_SELF = YES;
				CLANG_WARN_OBJC_LITERAL_CONVERSION = YES;
				CLANG_WARN_OBJC_ROOT_CLASS = YES_ERROR;
				CLANG_WARN_RANGE_LOOP_ANALYSIS = YES;
				CLANG_WARN_STRICT_PROTOTYPES = YES;
				CLANG_WARN_SUSPICIOUS_MOVE = YES;
				CLANG_WARN_UNGUARDED_AVAILABILITY = YES_AGGRESSIVE;
				CLANG_WARN_UNREACHABLE_CODE = YES;
				CLANG_WARN__DUPLICATE_METHOD_MATCH = YES;
				COPY_PHASE_STRIP = NO;
				DEBUG_INFORMATION_FORMAT = dwarf;
				ENABLE_STRICT_OBJC_MSGSEND = YES;
				ENABLE_TESTABILITY = YES;
				GCC_C_LANGUAGE_STANDARD = gnu11;
				GCC_DYNAMIC_NO_PIC = NO;
				GCC_NO_COMMON_BLOCKS = YES;
				GCC_OPTIMIZATION_LEVEL = 0;
				GCC_PREPROCESSOR_DEFINITIONS = (
					"DEBUG=1",
					"$(inherited)",
				);
				GCC_WARN_64_TO_32_BIT_CONVERSION = YES;
				GCC_WARN_ABOUT_RETURN_TYPE = YES_ERROR;
				GCC_WARN_UNDECLARED_SELECTOR = YES;
				GCC_WARN_UNINITIALIZED_AUTOS = YES_AGGRESSIVE;
				GCC_WARN_UNUSED_FUNCTION = YES;
				GCC_WARN_UNUSED_VARIABLE = YES;
				IPHONEOS_DEPLOYMENT_TARGET = 13.5;
				MTL_ENABLE_DEBUG_INFO = INCLUDE_SOURCE;
				MTL_FAST_MATH = YES;
				ONLY_ACTIVE_ARCH = YES;
				SDKROOT = iphoneos;
			};
			name = Debug;
		};
		2A238AFF25CA803A001E3D6C /* Release */ = {
			isa = XCBuildConfiguration;
			buildSettings = {
				ALWAYS_SEARCH_USER_PATHS = NO;
				CLANG_ANALYZER_NONNULL = YES;
				CLANG_ANALYZER_NUMBER_OBJECT_CONVERSION = YES_AGGRESSIVE;
				CLANG_CXX_LANGUAGE_STANDARD = "gnu++14";
				CLANG_CXX_LIBRARY = "libc++";
				CLANG_ENABLE_MODULES = YES;
				CLANG_ENABLE_OBJC_ARC = YES;
				CLANG_ENABLE_OBJC_WEAK = YES;
				CLANG_WARN_BLOCK_CAPTURE_AUTORELEASING = YES;
				CLANG_WARN_BOOL_CONVERSION = YES;
				CLANG_WARN_COMMA = YES;
				CLANG_WARN_CONSTANT_CONVERSION = YES;
				CLANG_WARN_DEPRECATED_OBJC_IMPLEMENTATIONS = YES;
				CLANG_WARN_DIRECT_OBJC_ISA_USAGE = YES_ERROR;
				CLANG_WARN_DOCUMENTATION_COMMENTS = YES;
				CLANG_WARN_EMPTY_BODY = YES;
				CLANG_WARN_ENUM_CONVERSION = YES;
				CLANG_WARN_INFINITE_RECURSION = YES;
				CLANG_WARN_INT_CONVERSION = YES;
				CLANG_WARN_NON_LITERAL_NULL_CONVERSION = YES;
				CLANG_WARN_OBJC_IMPLICIT_RETAIN_SELF = YES;
				CLANG_WARN_OBJC_LITERAL_CONVERSION = YES;
				CLANG_WARN_OBJC_ROOT_CLASS = YES_ERROR;
				CLANG_WARN_RANGE_LOOP_ANALYSIS = YES;
				CLANG_WARN_STRICT_PROTOTYPES = YES;
				CLANG_WARN_SUSPICIOUS_MOVE = YES;
				CLANG_WARN_UNGUARDED_AVAILABILITY = YES_AGGRESSIVE;
				CLANG_WARN_UNREACHABLE_CODE = YES;
				CLANG_WARN__DUPLICATE_METHOD_MATCH = YES;
				COPY_PHASE_STRIP = NO;
				DEBUG_INFORMATION_FORMAT = "dwarf-with-dsym";
				ENABLE_NS_ASSERTIONS = NO;
				ENABLE_STRICT_OBJC_MSGSEND = YES;
				GCC_C_LANGUAGE_STANDARD = gnu11;
				GCC_NO_COMMON_BLOCKS = YES;
				GCC_WARN_64_TO_32_BIT_CONVERSION = YES;
				GCC_WARN_ABOUT_RETURN_TYPE = YES_ERROR;
				GCC_WARN_UNDECLARED_SELECTOR = YES;
				GCC_WARN_UNINITIALIZED_AUTOS = YES_AGGRESSIVE;
				GCC_WARN_UNUSED_FUNCTION = YES;
				GCC_WARN_UNUSED_VARIABLE = YES;
				IPHONEOS_DEPLOYMENT_TARGET = 13.5;
				MTL_ENABLE_DEBUG_INFO = NO;
				MTL_FAST_MATH = YES;
				SDKROOT = iphoneos;
				VALIDATE_PRODUCT = YES;
			};
			name = Release;
		};
		2A238B0125CA803A001E3D6C /* Debug */ = {
			isa = XCBuildConfiguration;
			buildSettings = {
				ASSETCATALOG_COMPILER_APPICON_NAME = AppIcon;
				CODE_SIGN_STYLE = Automatic;
				DEVELOPMENT_TEAM = H3G9M8MB5Y;
				INFOPLIST_FILE = TestiOS/Info.plist;
				LD_RUNPATH_SEARCH_PATHS = (
					"$(inherited)",
					"@executable_path/Frameworks",
				);
				PRODUCT_BUNDLE_IDENTIFIER = com.ayush.TestiOS;
				PRODUCT_NAME = "$(TARGET_NAME)";
				TARGETED_DEVICE_FAMILY = "1,2";
			};
			name = Debug;
		};
		2A238B0225CA803A001E3D6C /* Release */ = {
			isa = XCBuildConfiguration;
			buildSettings = {
				ASSETCATALOG_COMPILER_APPICON_NAME = AppIcon;
				CODE_SIGN_STYLE = Automatic;
				DEVELOPMENT_TEAM = H3G9M8MB5Y;
				INFOPLIST_FILE = TestiOS/Info.plist;
				LD_RUNPATH_SEARCH_PATHS = (
					"$(inherited)",
					"@executable_path/Frameworks",
				);
				PRODUCT_BUNDLE_IDENTIFIER = com.ayush.TestiOS;
				PRODUCT_NAME = "$(TARGET_NAME)";
				TARGETED_DEVICE_FAMILY = "1,2";
			};
			name = Release;
		};
		2A238B0425CA803A001E3D6C /* Debug */ = {
			isa = XCBuildConfiguration;
			buildSettings = {
				BUNDLE_LOADER = "$(TEST_HOST)";
				CODE_SIGN_STYLE = Automatic;
				DEVELOPMENT_TEAM = H3G9M8MB5Y;
				INFOPLIST_FILE = TestiOSTests/Info.plist;
				IPHONEOS_DEPLOYMENT_TARGET = 13.5;
				LD_RUNPATH_SEARCH_PATHS = (
					"$(inherited)",
					"@executable_path/Frameworks",
					"@loader_path/Frameworks",
				);
				PRODUCT_BUNDLE_IDENTIFIER = com.ayush.TestiOSTests;
				PRODUCT_NAME = "$(TARGET_NAME)";
				TARGETED_DEVICE_FAMILY = "1,2";
				TEST_HOST = "$(BUILT_PRODUCTS_DIR)/TestiOS.app/TestiOS";
			};
			name = Debug;
		};
		2A238B0525CA803A001E3D6C /* Release */ = {
			isa = XCBuildConfiguration;
			buildSettings = {
				BUNDLE_LOADER = "$(TEST_HOST)";
				CODE_SIGN_STYLE = Automatic;
				DEVELOPMENT_TEAM = H3G9M8MB5Y;
				INFOPLIST_FILE = TestiOSTests/Info.plist;
				IPHONEOS_DEPLOYMENT_TARGET = 13.5;
				LD_RUNPATH_SEARCH_PATHS = (
					"$(inherited)",
					"@executable_path/Frameworks",
					"@loader_path/Frameworks",
				);
				PRODUCT_BUNDLE_IDENTIFIER = com.ayush.TestiOSTests;
				PRODUCT_NAME = "$(TARGET_NAME)";
				TARGETED_DEVICE_FAMILY = "1,2";
				TEST_HOST = "$(BUILT_PRODUCTS_DIR)/TestiOS.app/TestiOS";
			};
			name = Release;
		};
		2A238B0725CA803A001E3D6C /* Debug */ = {
			isa = XCBuildConfiguration;
			buildSettings = {
				CODE_SIGN_STYLE = Automatic;
				DEVELOPMENT_TEAM = H3G9M8MB5Y;
				INFOPLIST_FILE = TestiOSUITests/Info.plist;
				LD_RUNPATH_SEARCH_PATHS = (
					"$(inherited)",
					"@executable_path/Frameworks",
					"@loader_path/Frameworks",
				);
				PRODUCT_BUNDLE_IDENTIFIER = com.ayush.TestiOSUITests;
				PRODUCT_NAME = "$(TARGET_NAME)";
				TARGETED_DEVICE_FAMILY = "1,2";
				TEST_TARGET_NAME = TestiOS;
			};
			name = Debug;
		};
		2A238B0825CA803A001E3D6C /* Release */ = {
			isa = XCBuildConfiguration;
			buildSettings = {
				CODE_SIGN_STYLE = Automatic;
				DEVELOPMENT_TEAM = H3G9M8MB5Y;
				INFOPLIST_FILE = TestiOSUITests/Info.plist;
				LD_RUNPATH_SEARCH_PATHS = (
					"$(inherited)",
					"@executable_path/Frameworks",
					"@loader_path/Frameworks",
				);
				PRODUCT_BUNDLE_IDENTIFIER = com.ayush.TestiOSUITests;
				PRODUCT_NAME = "$(TARGET_NAME)";
				TARGETED_DEVICE_FAMILY = "1,2";
				TEST_TARGET_NAME = TestiOS;
			};
			name = Release;
		};
/* End XCBuildConfiguration section */

/* Begin XCConfigurationList section */
		2A238ACC25CA8036001E3D6C /* Build configuration list for PBXProject "TestiOS" */ = {
			isa = XCConfigurationList;
			buildConfigurations = (
				2A238AFE25CA803A001E3D6C /* Debug */,
				2A238AFF25CA803A001E3D6C /* Release */,
			);
			defaultConfigurationIsVisible = 0;
			defaultConfigurationName = Release;
		};
		2A238B0025CA803A001E3D6C /* Build configuration list for PBXNativeTarget "TestiOS" */ = {
			isa = XCConfigurationList;
			buildConfigurations = (
				2A238B0125CA803A001E3D6C /* Debug */,
				2A238B0225CA803A001E3D6C /* Release */,
			);
			defaultConfigurationIsVisible = 0;
			defaultConfigurationName = Release;
		};
		2A238B0325CA803A001E3D6C /* Build configuration list for PBXNativeTarget "TestiOSTests" */ = {
			isa = XCConfigurationList;
			buildConfigurations = (
				2A238B0425CA803A001E3D6C /* Debug */,
				2A238B0525CA803A001E3D6C /* Release */,
			);
			defaultConfigurationIsVisible = 0;
			defaultConfigurationName = Release;
		};
		2A238B0625CA803A001E3D6C /* Build configuration list for PBXNativeTarget "TestiOSUITests" */ = {
			isa = XCConfigurationList;
			buildConfigurations = (
				2A238B0725CA803A001E3D6C /* Debug */,
				2A238B0825CA803A001E3D6C /* Release */,
			);
			defaultConfigurationIsVisible = 0;
			defaultConfigurationName = Release;
		};
/* End XCConfigurationList section */
	};
	rootObject = 2A238AC925CA8036001E3D6C /* Project object */;
}
